
Microsoft Visual Studio Solution File, Format Version 11.00
# Visual Studio 2010
Project("{FAE04EC0-301F-11D3-BF4B-00C04F79EFBC}") = "My Unity", "Assembly-CSharp.csproj", "{917C6B2C-6D98-2E57-D2B2-85600A1FDCF9}"
EndProject
Project("{601167E9-C4AA-24A9-7694-D90B2DEEA3B0}") = "My Unity", "Assembly-UnityScript.unityproj", "{1DA42542-111C-D84F-1ABA-C9D8C37D5074}"
EndProject
Global
	GlobalSection(SolutionConfigurationPlatforms) = preSolution
		Debug|Any CPU = Debug|Any CPU
		Release|Any CPU = Release|Any CPU
	EndGlobalSection
	GlobalSection(ProjectConfigurationPlatforms) = postSolution
		{917C6B2C-6D98-2E57-D2B2-85600A1FDCF9}.Debug|Any CPU.ActiveCfg = Debug|Any CPU
		{917C6B2C-6D98-2E57-D2B2-85600A1FDCF9}.Debug|Any CPU.Build.0 = Debug|Any CPU
		{917C6B2C-6D98-2E57-D2B2-85600A1FDCF9}.Release|Any CPU.ActiveCfg = Release|Any CPU
		{917C6B2C-6D98-2E57-D2B2-85600A1FDCF9}.Release|Any CPU.Build.0 = Release|Any CPU
		{1DA42542-111C-D84F-1ABA-C9D8C37D5074}.Debug|Any CPU.ActiveCfg = Debug|Any CPU
		{1DA42542-111C-D84F-1ABA-C9D8C37D5074}.Debug|Any CPU.Build.0 = Debug|Any CPU
		{1DA42542-111C-D84F-1ABA-C9D8C37D5074}.Release|Any CPU.ActiveCfg = Release|Any CPU
		{1DA42542-111C-D84F-1ABA-C9D8C37D5074}.Release|Any CPU.Build.0 = Release|Any CPU
	EndGlobalSection
	GlobalSection(SolutionProperties) = preSolution
		HideSolutionNode = FALSE
	EndGlobalSection
	GlobalSection(MonoDevelopProperties) = preSolution
		StartupItem = Assembly-CSharp.csproj
	EndGlobalSection
EndGlobal
